dependencies:
  espressif/cmake_utilities:
    component_hash: 351350613ceafba240b761b4ea991e0f231ac7a9f59a9ee901f751bddc0bb18f
    source:
      type: service
    version: 0.5.3
  espressif/usb_device_uac:
    component_hash: 439d3909753b87cf85ef0116782830feb97eb96b13d7ec3124c16c71d0b5ab67
    source:
      type: service
    version: 0.1.1
  idf:
    component_hash: null
    source:
      type: idf
    version: 5.4.0
  leeebo/tinyusb_src:
    component_hash: f8a386b696474c2b20482b662319200e4a2ce9cae8fa3ae7830d3929f03780c8
    source:
      type: service
    version: 0.16.0~6
manifest_hash: 6138bb366c2f36feede9d076b3f4001fd7249e1670887a00f2522ed575ddf55e
target: esp32s3
version: 1.0.0
